
Microsoft Visual Studio Solution File, Format Version 12.00
# Visual Studio Version 17
VisualStudioVersion = 17.0.32014.148
MinimumVisualStudioVersion = 10.0.40219.1
Project("{FAE04EC0-301F-11D3-BF4B-00C04F79EFBC}") = "AjaxPractice", "AjaxPractice\AjaxPractice.csproj", "{CE440358-92B8-46B5-91E5-ACE56C7D14F7}"
EndProject
Project("{FAE04EC0-301F-11D3-BF4B-00C04F79EFBC}") = "AjaxPractice.Data", "AjaxProject.Data\AjaxPractice.Data.csproj", "{603F6577-2EEC-47A1-9C11-7D337F4CC1A7}"
EndProject
Global
	GlobalSection(SolutionConfigurationPlatforms) = preSolution
		Debug|Any CPU = Debug|Any CPU
		Release|Any CPU = Release|Any CPU
	EndGlobalSection
	GlobalSection(ProjectConfigurationPlatforms) = postSolution
		{CE440358-92B8-46B5-91E5-ACE56C7D14F7}.Debug|Any CPU.ActiveCfg = Debug|Any CPU
		{CE440358-92B8-46B5-91E5-ACE56C7D14F7}.Debug|Any CPU.Build.0 = Debug|Any CPU
		{CE440358-92B8-46B5-91E5-ACE56C7D14F7}.Release|Any CPU.ActiveCfg = Release|Any CPU
		{CE440358-92B8-46B5-91E5-ACE56C7D14F7}.Release|Any CPU.Build.0 = Release|Any CPU
		{603F6577-2EEC-47A1-9C11-7D337F4CC1A7}.Debug|Any CPU.ActiveCfg = Debug|Any CPU
		{603F6577-2EEC-47A1-9C11-7D337F4CC1A7}.Debug|Any CPU.Build.0 = Debug|Any CPU
		{603F6577-2EEC-47A1-9C11-7D337F4CC1A7}.Release|Any CPU.ActiveCfg = Release|Any CPU
		{603F6577-2EEC-47A1-9C11-7D337F4CC1A7}.Release|Any CPU.Build.0 = Release|Any CPU
	EndGlobalSection
	GlobalSection(SolutionProperties) = preSolution
		HideSolutionNode = FALSE
	EndGlobalSection
	GlobalSection(ExtensibilityGlobals) = postSolution
		SolutionGuid = {EF6EEC71-9452-4CE7-A254-25381E09EDEE}
	EndGlobalSection
EndGlobal
